
Microsoft Visual Studio Solution File, Format Version 12.00
# Visual Studio Version 17
VisualStudioVersion = 17.1.32210.238
MinimumVisualStudioVersion = 10.0.40219.1
Project("{FAE04EC0-301F-11D3-BF4B-00C04F79EFBC}") = "BLL", "BLL\BLL.csproj", "{F292E3FF-901C-420D-91C8-2A4C434FD872}"
EndProject
Project("{FAE04EC0-301F-11D3-BF4B-00C04F79EFBC}") = "DAL", "DAL\DAL.csproj", "{EAC40060-6581-4A26-9045-4D50FD013A9B}"
EndProject
Project("{FAE04EC0-301F-11D3-BF4B-00C04F79EFBC}") = "UI", "UI\UI.csproj", "{9F7A6D01-EA7C-498C-9133-7F2C06035AA0}"
EndProject
Global
	GlobalSection(SolutionConfigurationPlatforms) = preSolution
		Debug|Any CPU = Debug|Any CPU
		Release|Any CPU = Release|Any CPU
	EndGlobalSection
	GlobalSection(ProjectConfigurationPlatforms) = postSolution
		{F292E3FF-901C-420D-91C8-2A4C434FD872}.Debug|Any CPU.ActiveCfg = Debug|Any CPU
		{F292E3FF-901C-420D-91C8-2A4C434FD872}.Debug|Any CPU.Build.0 = Debug|Any CPU
		{F292E3FF-901C-420D-91C8-2A4C434FD872}.Release|Any CPU.ActiveCfg = Release|Any CPU
		{F292E3FF-901C-420D-91C8-2A4C434FD872}.Release|Any CPU.Build.0 = Release|Any CPU
		{EAC40060-6581-4A26-9045-4D50FD013A9B}.Debug|Any CPU.ActiveCfg = Debug|Any CPU
		{EAC40060-6581-4A26-9045-4D50FD013A9B}.Debug|Any CPU.Build.0 = Debug|Any CPU
		{EAC40060-6581-4A26-9045-4D50FD013A9B}.Release|Any CPU.ActiveCfg = Release|Any CPU
		{EAC40060-6581-4A26-9045-4D50FD013A9B}.Release|Any CPU.Build.0 = Release|Any CPU
		{9F7A6D01-EA7C-498C-9133-7F2C06035AA0}.Debug|Any CPU.ActiveCfg = Debug|Any CPU
		{9F7A6D01-EA7C-498C-9133-7F2C06035AA0}.Debug|Any CPU.Build.0 = Debug|Any CPU
		{9F7A6D01-EA7C-498C-9133-7F2C06035AA0}.Release|Any CPU.ActiveCfg = Release|Any CPU
		{9F7A6D01-EA7C-498C-9133-7F2C06035AA0}.Release|Any CPU.Build.0 = Release|Any CPU
	EndGlobalSection
	GlobalSection(SolutionProperties) = preSolution
		HideSolutionNode = FALSE
	EndGlobalSection
	GlobalSection(ExtensibilityGlobals) = postSolution
		SolutionGuid = {BEC81098-3253-40FF-AE0E-8F5854C30DA2}
	EndGlobalSection
EndGlobal
